
Microsoft Visual Studio Solution File, Format Version 12.00
# Visual Studio Version 17
VisualStudioVersion = 17.0.31903.59
MinimumVisualStudioVersion = 10.0.40219.1
Project("{FAE04EC0-301F-11D3-BF4B-00C04F79EFBC}") = "TravelDiary.MVC", "TravelDiary.MVC\TravelDiary.MVC.csproj", "{AC0EC23B-5EC6-46D6-94E0-DA114A6DF801}"
EndProject
Global
	GlobalSection(SolutionConfigurationPlatforms) = preSolution
		Debug|Any CPU = Debug|Any CPU
		Release|Any CPU = Release|Any CPU
	EndGlobalSection
	GlobalSection(ProjectConfigurationPlatforms) = postSolution
		{AC0EC23B-5EC6-46D6-94E0-DA114A6DF801}.Debug|Any CPU.ActiveCfg = Debug|Any CPU
		{AC0EC23B-5EC6-46D6-94E0-DA114A6DF801}.Debug|Any CPU.Build.0 = Debug|Any CPU
		{AC0EC23B-5EC6-46D6-94E0-DA114A6DF801}.Release|Any CPU.ActiveCfg = Release|Any CPU
		{AC0EC23B-5EC6-46D6-94E0-DA114A6DF801}.Release|Any CPU.Build.0 = Release|Any CPU
	EndGlobalSection
	GlobalSection(SolutionProperties) = preSolution
		HideSolutionNode = FALSE
	EndGlobalSection
EndGlobal
